
Microsoft Visual Studio Solution File, Format Version 12.00
# Visual Studio 15
VisualStudioVersion = 15.0.26124.0
MinimumVisualStudioVersion = 15.0.26124.0
Project("{2150E333-8FDC-42A3-9474-1A3956D46DE8}") = "client", "client", "{8EB02442-DDC9-48A3-8C15-C9EC764937CE}"
EndProject
Project("{FAE04EC0-301F-11D3-BF4B-00C04F79EFBC}") = "KonSchool.Client", "client\src\KonSchool.Client.csproj", "{43265A04-54F4-4257-88E6-CDF008081D47}"
EndProject
Project("{2150E333-8FDC-42A3-9474-1A3956D46DE8}") = "lib", "lib", "{6F885BFF-9B67-4D94-B3E1-51DA69B632D3}"
EndProject
Project("{FAE04EC0-301F-11D3-BF4B-00C04F79EFBC}") = "KonSchool.Lib", "lib\src\KonSchool.Lib.csproj", "{1EBA3447-7C1C-4101-BBF8-4E68B5FDB24B}"
EndProject
Project("{2150E333-8FDC-42A3-9474-1A3956D46DE8}") = "server", "server", "{FF89919C-ABB0-421E-9A91-F641703FD405}"
EndProject
Project("{FAE04EC0-301F-11D3-BF4B-00C04F79EFBC}") = "KonSchool.Server", "server\src\KonSchool.Server.csproj", "{BFE9675F-7FD7-4524-98F1-7168768D8B7A}"
EndProject
Global
	GlobalSection(SolutionConfigurationPlatforms) = preSolution
		Debug|Any CPU = Debug|Any CPU
		Debug|x64 = Debug|x64
		Debug|x86 = Debug|x86
		Release|Any CPU = Release|Any CPU
		Release|x64 = Release|x64
		Release|x86 = Release|x86
	EndGlobalSection
	GlobalSection(SolutionProperties) = preSolution
		HideSolutionNode = FALSE
	EndGlobalSection
	GlobalSection(ProjectConfigurationPlatforms) = postSolution
		{43265A04-54F4-4257-88E6-CDF008081D47}.Debug|Any CPU.ActiveCfg = Debug|Any CPU
		{43265A04-54F4-4257-88E6-CDF008081D47}.Debug|Any CPU.Build.0 = Debug|Any CPU
		{43265A04-54F4-4257-88E6-CDF008081D47}.Debug|x64.ActiveCfg = Debug|Any CPU
		{43265A04-54F4-4257-88E6-CDF008081D47}.Debug|x64.Build.0 = Debug|Any CPU
		{43265A04-54F4-4257-88E6-CDF008081D47}.Debug|x86.ActiveCfg = Debug|Any CPU
		{43265A04-54F4-4257-88E6-CDF008081D47}.Debug|x86.Build.0 = Debug|Any CPU
		{43265A04-54F4-4257-88E6-CDF008081D47}.Release|Any CPU.ActiveCfg = Release|Any CPU
		{43265A04-54F4-4257-88E6-CDF008081D47}.Release|Any CPU.Build.0 = Release|Any CPU
		{43265A04-54F4-4257-88E6-CDF008081D47}.Release|x64.ActiveCfg = Release|Any CPU
		{43265A04-54F4-4257-88E6-CDF008081D47}.Release|x64.Build.0 = Release|Any CPU
		{43265A04-54F4-4257-88E6-CDF008081D47}.Release|x86.ActiveCfg = Release|Any CPU
		{43265A04-54F4-4257-88E6-CDF008081D47}.Release|x86.Build.0 = Release|Any CPU
		{1EBA3447-7C1C-4101-BBF8-4E68B5FDB24B}.Debug|Any CPU.ActiveCfg = Debug|Any CPU
		{1EBA3447-7C1C-4101-BBF8-4E68B5FDB24B}.Debug|Any CPU.Build.0 = Debug|Any CPU
		{1EBA3447-7C1C-4101-BBF8-4E68B5FDB24B}.Debug|x64.ActiveCfg = Debug|Any CPU
		{1EBA3447-7C1C-4101-BBF8-4E68B5FDB24B}.Debug|x64.Build.0 = Debug|Any CPU
		{1EBA3447-7C1C-4101-BBF8-4E68B5FDB24B}.Debug|x86.ActiveCfg = Debug|Any CPU
		{1EBA3447-7C1C-4101-BBF8-4E68B5FDB24B}.Debug|x86.Build.0 = Debug|Any CPU
		{1EBA3447-7C1C-4101-BBF8-4E68B5FDB24B}.Release|Any CPU.ActiveCfg = Release|Any CPU
		{1EBA3447-7C1C-4101-BBF8-4E68B5FDB24B}.Release|Any CPU.Build.0 = Release|Any CPU
		{1EBA3447-7C1C-4101-BBF8-4E68B5FDB24B}.Release|x64.ActiveCfg = Release|Any CPU
		{1EBA3447-7C1C-4101-BBF8-4E68B5FDB24B}.Release|x64.Build.0 = Release|Any CPU
		{1EBA3447-7C1C-4101-BBF8-4E68B5FDB24B}.Release|x86.ActiveCfg = Release|Any CPU
		{1EBA3447-7C1C-4101-BBF8-4E68B5FDB24B}.Release|x86.Build.0 = Release|Any CPU
		{BFE9675F-7FD7-4524-98F1-7168768D8B7A}.Debug|Any CPU.ActiveCfg = Debug|Any CPU
		{BFE9675F-7FD7-4524-98F1-7168768D8B7A}.Debug|Any CPU.Build.0 = Debug|Any CPU
		{BFE9675F-7FD7-4524-98F1-7168768D8B7A}.Debug|x64.ActiveCfg = Debug|Any CPU
		{BFE9675F-7FD7-4524-98F1-7168768D8B7A}.Debug|x64.Build.0 = Debug|Any CPU
		{BFE9675F-7FD7-4524-98F1-7168768D8B7A}.Debug|x86.ActiveCfg = Debug|Any CPU
		{BFE9675F-7FD7-4524-98F1-7168768D8B7A}.Debug|x86.Build.0 = Debug|Any CPU
		{BFE9675F-7FD7-4524-98F1-7168768D8B7A}.Release|Any CPU.ActiveCfg = Release|Any CPU
		{BFE9675F-7FD7-4524-98F1-7168768D8B7A}.Release|Any CPU.Build.0 = Release|Any CPU
		{BFE9675F-7FD7-4524-98F1-7168768D8B7A}.Release|x64.ActiveCfg = Release|Any CPU
		{BFE9675F-7FD7-4524-98F1-7168768D8B7A}.Release|x64.Build.0 = Release|Any CPU
		{BFE9675F-7FD7-4524-98F1-7168768D8B7A}.Release|x86.ActiveCfg = Release|Any CPU
		{BFE9675F-7FD7-4524-98F1-7168768D8B7A}.Release|x86.Build.0 = Release|Any CPU
	EndGlobalSection
	GlobalSection(NestedProjects) = preSolution
		{43265A04-54F4-4257-88E6-CDF008081D47} = {8EB02442-DDC9-48A3-8C15-C9EC764937CE}
		{1EBA3447-7C1C-4101-BBF8-4E68B5FDB24B} = {6F885BFF-9B67-4D94-B3E1-51DA69B632D3}
		{BFE9675F-7FD7-4524-98F1-7168768D8B7A} = {FF89919C-ABB0-421E-9A91-F641703FD405}
	EndGlobalSection
EndGlobal
