
Microsoft Visual Studio Solution File, Format Version 12.00
# Visual Studio 15
VisualStudioVersion = 15.0.26124.0
MinimumVisualStudioVersion = 15.0.26124.0
Project("{FAE04EC0-301F-11D3-BF4B-00C04F79EFBC}") = "KonSchool.Server", "src\KonSchool.Server.csproj", "{FD2A469F-BBF6-4838-BECF-A7047ED8B22D}"
EndProject
Project("{FAE04EC0-301F-11D3-BF4B-00C04F79EFBC}") = "KonSchool.Server.Tests", "test\KonSchool.Server.Tests.csproj", "{B36B96AE-6C8A-4450-BD96-62C322A3549B}"
EndProject
Global
	GlobalSection(SolutionConfigurationPlatforms) = preSolution
		Debug|Any CPU = Debug|Any CPU
		Debug|x64 = Debug|x64
		Debug|x86 = Debug|x86
		Release|Any CPU = Release|Any CPU
		Release|x64 = Release|x64
		Release|x86 = Release|x86
	EndGlobalSection
	GlobalSection(SolutionProperties) = preSolution
		HideSolutionNode = FALSE
	EndGlobalSection
	GlobalSection(ProjectConfigurationPlatforms) = postSolution
		{FD2A469F-BBF6-4838-BECF-A7047ED8B22D}.Debug|Any CPU.ActiveCfg = Debug|Any CPU
		{FD2A469F-BBF6-4838-BECF-A7047ED8B22D}.Debug|Any CPU.Build.0 = Debug|Any CPU
		{FD2A469F-BBF6-4838-BECF-A7047ED8B22D}.Debug|x64.ActiveCfg = Debug|Any CPU
		{FD2A469F-BBF6-4838-BECF-A7047ED8B22D}.Debug|x64.Build.0 = Debug|Any CPU
		{FD2A469F-BBF6-4838-BECF-A7047ED8B22D}.Debug|x86.ActiveCfg = Debug|Any CPU
		{FD2A469F-BBF6-4838-BECF-A7047ED8B22D}.Debug|x86.Build.0 = Debug|Any CPU
		{FD2A469F-BBF6-4838-BECF-A7047ED8B22D}.Release|Any CPU.ActiveCfg = Release|Any CPU
		{FD2A469F-BBF6-4838-BECF-A7047ED8B22D}.Release|Any CPU.Build.0 = Release|Any CPU
		{FD2A469F-BBF6-4838-BECF-A7047ED8B22D}.Release|x64.ActiveCfg = Release|Any CPU
		{FD2A469F-BBF6-4838-BECF-A7047ED8B22D}.Release|x64.Build.0 = Release|Any CPU
		{FD2A469F-BBF6-4838-BECF-A7047ED8B22D}.Release|x86.ActiveCfg = Release|Any CPU
		{FD2A469F-BBF6-4838-BECF-A7047ED8B22D}.Release|x86.Build.0 = Release|Any CPU
		{B36B96AE-6C8A-4450-BD96-62C322A3549B}.Debug|Any CPU.ActiveCfg = Debug|Any CPU
		{B36B96AE-6C8A-4450-BD96-62C322A3549B}.Debug|Any CPU.Build.0 = Debug|Any CPU
		{B36B96AE-6C8A-4450-BD96-62C322A3549B}.Debug|x64.ActiveCfg = Debug|Any CPU
		{B36B96AE-6C8A-4450-BD96-62C322A3549B}.Debug|x64.Build.0 = Debug|Any CPU
		{B36B96AE-6C8A-4450-BD96-62C322A3549B}.Debug|x86.ActiveCfg = Debug|Any CPU
		{B36B96AE-6C8A-4450-BD96-62C322A3549B}.Debug|x86.Build.0 = Debug|Any CPU
		{B36B96AE-6C8A-4450-BD96-62C322A3549B}.Release|Any CPU.ActiveCfg = Release|Any CPU
		{B36B96AE-6C8A-4450-BD96-62C322A3549B}.Release|Any CPU.Build.0 = Release|Any CPU
		{B36B96AE-6C8A-4450-BD96-62C322A3549B}.Release|x64.ActiveCfg = Release|Any CPU
		{B36B96AE-6C8A-4450-BD96-62C322A3549B}.Release|x64.Build.0 = Release|Any CPU
		{B36B96AE-6C8A-4450-BD96-62C322A3549B}.Release|x86.ActiveCfg = Release|Any CPU
		{B36B96AE-6C8A-4450-BD96-62C322A3549B}.Release|x86.Build.0 = Release|Any CPU
	EndGlobalSection
EndGlobal
