
Microsoft Visual Studio Solution File, Format Version 12.00
# Visual Studio 15
VisualStudioVersion = 15.0.26124.0
MinimumVisualStudioVersion = 15.0.26124.0
Project("{FAE04EC0-301F-11D3-BF4B-00C04F79EFBC}") = "KonSchool.FAHP", "fahp\KonSchool.FAHP.csproj", "{68B7AD54-D344-4DB0-BEFD-B20A6E3ADD01}"
EndProject
Project("{FAE04EC0-301F-11D3-BF4B-00C04F79EFBC}") = "KonSchool.Schools", "schools\KonSchool.Schools.csproj", "{5987F10B-12F8-4D33-9199-CBCFCC4C62AB}"
EndProject
Project("{FAE04EC0-301F-11D3-BF4B-00C04F79EFBC}") = "KonSchool.Client", "client\KonSchool.Client.csproj", "{E449E134-0519-4A71-8345-9197BA9F1364}"
EndProject
Project("{FAE04EC0-301F-11D3-BF4B-00C04F79EFBC}") = "KonSchool.Shared", "shared\KonSchool.Shared.csproj", "{1FC6BBC4-006E-49C9-BDFB-A5E7F096DB49}"
EndProject
Global
	GlobalSection(SolutionConfigurationPlatforms) = preSolution
		Debug|Any CPU = Debug|Any CPU
		Debug|x64 = Debug|x64
		Debug|x86 = Debug|x86
		Release|Any CPU = Release|Any CPU
		Release|x64 = Release|x64
		Release|x86 = Release|x86
	EndGlobalSection
	GlobalSection(SolutionProperties) = preSolution
		HideSolutionNode = FALSE
	EndGlobalSection
	GlobalSection(ProjectConfigurationPlatforms) = postSolution
		{68B7AD54-D344-4DB0-BEFD-B20A6E3ADD01}.Debug|Any CPU.ActiveCfg = Debug|Any CPU
		{68B7AD54-D344-4DB0-BEFD-B20A6E3ADD01}.Debug|Any CPU.Build.0 = Debug|Any CPU
		{68B7AD54-D344-4DB0-BEFD-B20A6E3ADD01}.Debug|x64.ActiveCfg = Debug|Any CPU
		{68B7AD54-D344-4DB0-BEFD-B20A6E3ADD01}.Debug|x64.Build.0 = Debug|Any CPU
		{68B7AD54-D344-4DB0-BEFD-B20A6E3ADD01}.Debug|x86.ActiveCfg = Debug|Any CPU
		{68B7AD54-D344-4DB0-BEFD-B20A6E3ADD01}.Debug|x86.Build.0 = Debug|Any CPU
		{68B7AD54-D344-4DB0-BEFD-B20A6E3ADD01}.Release|Any CPU.ActiveCfg = Release|Any CPU
		{68B7AD54-D344-4DB0-BEFD-B20A6E3ADD01}.Release|Any CPU.Build.0 = Release|Any CPU
		{68B7AD54-D344-4DB0-BEFD-B20A6E3ADD01}.Release|x64.ActiveCfg = Release|Any CPU
		{68B7AD54-D344-4DB0-BEFD-B20A6E3ADD01}.Release|x64.Build.0 = Release|Any CPU
		{68B7AD54-D344-4DB0-BEFD-B20A6E3ADD01}.Release|x86.ActiveCfg = Release|Any CPU
		{68B7AD54-D344-4DB0-BEFD-B20A6E3ADD01}.Release|x86.Build.0 = Release|Any CPU
		{5987F10B-12F8-4D33-9199-CBCFCC4C62AB}.Debug|Any CPU.ActiveCfg = Debug|Any CPU
		{5987F10B-12F8-4D33-9199-CBCFCC4C62AB}.Debug|Any CPU.Build.0 = Debug|Any CPU
		{5987F10B-12F8-4D33-9199-CBCFCC4C62AB}.Debug|x64.ActiveCfg = Debug|Any CPU
		{5987F10B-12F8-4D33-9199-CBCFCC4C62AB}.Debug|x64.Build.0 = Debug|Any CPU
		{5987F10B-12F8-4D33-9199-CBCFCC4C62AB}.Debug|x86.ActiveCfg = Debug|Any CPU
		{5987F10B-12F8-4D33-9199-CBCFCC4C62AB}.Debug|x86.Build.0 = Debug|Any CPU
		{5987F10B-12F8-4D33-9199-CBCFCC4C62AB}.Release|Any CPU.ActiveCfg = Release|Any CPU
		{5987F10B-12F8-4D33-9199-CBCFCC4C62AB}.Release|Any CPU.Build.0 = Release|Any CPU
		{5987F10B-12F8-4D33-9199-CBCFCC4C62AB}.Release|x64.ActiveCfg = Release|Any CPU
		{5987F10B-12F8-4D33-9199-CBCFCC4C62AB}.Release|x64.Build.0 = Release|Any CPU
		{5987F10B-12F8-4D33-9199-CBCFCC4C62AB}.Release|x86.ActiveCfg = Release|Any CPU
		{5987F10B-12F8-4D33-9199-CBCFCC4C62AB}.Release|x86.Build.0 = Release|Any CPU
		{E449E134-0519-4A71-8345-9197BA9F1364}.Debug|Any CPU.ActiveCfg = Debug|Any CPU
		{E449E134-0519-4A71-8345-9197BA9F1364}.Debug|Any CPU.Build.0 = Debug|Any CPU
		{E449E134-0519-4A71-8345-9197BA9F1364}.Debug|x64.ActiveCfg = Debug|Any CPU
		{E449E134-0519-4A71-8345-9197BA9F1364}.Debug|x64.Build.0 = Debug|Any CPU
		{E449E134-0519-4A71-8345-9197BA9F1364}.Debug|x86.ActiveCfg = Debug|Any CPU
		{E449E134-0519-4A71-8345-9197BA9F1364}.Debug|x86.Build.0 = Debug|Any CPU
		{E449E134-0519-4A71-8345-9197BA9F1364}.Release|Any CPU.ActiveCfg = Release|Any CPU
		{E449E134-0519-4A71-8345-9197BA9F1364}.Release|Any CPU.Build.0 = Release|Any CPU
		{E449E134-0519-4A71-8345-9197BA9F1364}.Release|x64.ActiveCfg = Release|Any CPU
		{E449E134-0519-4A71-8345-9197BA9F1364}.Release|x64.Build.0 = Release|Any CPU
		{E449E134-0519-4A71-8345-9197BA9F1364}.Release|x86.ActiveCfg = Release|Any CPU
		{E449E134-0519-4A71-8345-9197BA9F1364}.Release|x86.Build.0 = Release|Any CPU
		{1FC6BBC4-006E-49C9-BDFB-A5E7F096DB49}.Debug|Any CPU.ActiveCfg = Debug|Any CPU
		{1FC6BBC4-006E-49C9-BDFB-A5E7F096DB49}.Debug|Any CPU.Build.0 = Debug|Any CPU
		{1FC6BBC4-006E-49C9-BDFB-A5E7F096DB49}.Debug|x64.ActiveCfg = Debug|Any CPU
		{1FC6BBC4-006E-49C9-BDFB-A5E7F096DB49}.Debug|x64.Build.0 = Debug|Any CPU
		{1FC6BBC4-006E-49C9-BDFB-A5E7F096DB49}.Debug|x86.ActiveCfg = Debug|Any CPU
		{1FC6BBC4-006E-49C9-BDFB-A5E7F096DB49}.Debug|x86.Build.0 = Debug|Any CPU
		{1FC6BBC4-006E-49C9-BDFB-A5E7F096DB49}.Release|Any CPU.ActiveCfg = Release|Any CPU
		{1FC6BBC4-006E-49C9-BDFB-A5E7F096DB49}.Release|Any CPU.Build.0 = Release|Any CPU
		{1FC6BBC4-006E-49C9-BDFB-A5E7F096DB49}.Release|x64.ActiveCfg = Release|Any CPU
		{1FC6BBC4-006E-49C9-BDFB-A5E7F096DB49}.Release|x64.Build.0 = Release|Any CPU
		{1FC6BBC4-006E-49C9-BDFB-A5E7F096DB49}.Release|x86.ActiveCfg = Release|Any CPU
		{1FC6BBC4-006E-49C9-BDFB-A5E7F096DB49}.Release|x86.Build.0 = Release|Any CPU
	EndGlobalSection
EndGlobal
